schema: '2.0'
stages:
  train:
    cmd: python train.py
    deps:
    - path: data/trips.csv
      hash: md5
      md5: 1c24c2e964852bcb40bec3de9ce05814
      size: 126
    - path: train.py
      hash: md5
      md5: 276b38bbb5daadaaef447c8dfa0b45c6
      size: 588
    outs:
    - path: metrics.json
      hash: md5
      md5: 4965d575e6e43ceb6af23329e656a53a
      size: 34
    - path: model.pkl
      hash: md5
      md5: 00703347409e949dc822bd9796e699aa
      size: 881
