schema: '2.0'
stages:
  train:
    cmd: python train.py
    deps:
    - path: data/sp500.csv
      hash: md5
      md5: f63ecb92dd3da7e1a12687a184ca35b8
      size: 305513
    - path: train.py
      hash: md5
      md5: b51b5c60ce74ac0e7f6ce8156afd7d25
      size: 1183
    outs:
    - path: metrics.json
      hash: md5
      md5: c09b4c57121ec874a096bf17611a1dce
      size: 82
    - path: model.pkl
      hash: md5
      md5: d5ff2d058bd6f7a55cd7979ada00990d
      size: 738
